
Microsoft Visual Studio Solution File, Format Version 12.00
Project("{FAE04EC0-301F-11D3-BF4B-00C04F79EFBC}") = "ValoresAleatorios", "ValoresAleatorios\ValoresAleatorios.csproj", "{B8837013-D4BE-4B74-90B3-3B36467CB597}"
EndProject
Project("{FAE04EC0-301F-11D3-BF4B-00C04F79EFBC}") = "NumerosPrimos", "NumerosPrimos\NumerosPrimos.csproj", "{F808E49E-72F3-4B2B-B5D1-28A12E179513}"
EndProject
Project("{FAE04EC0-301F-11D3-BF4B-00C04F79EFBC}") = "CajeroAutomatico", "CajeroAutomatico\CajeroAutomatico.csproj", "{2DBAB9B4-0908-4089-B6B5-F9F86E18AAAF}"
EndProject
Project("{FAE04EC0-301F-11D3-BF4B-00C04F79EFBC}") = "Coincidencias", "Coincidencias\Coincidencias.csproj", "{88104620-AB4D-44D9-BDAB-B8B379295300}"
EndProject
Global
	GlobalSection(SolutionConfigurationPlatforms) = preSolution
		Debug|Any CPU = Debug|Any CPU
		Release|Any CPU = Release|Any CPU
	EndGlobalSection
	GlobalSection(ProjectConfigurationPlatforms) = postSolution
		{B8837013-D4BE-4B74-90B3-3B36467CB597}.Debug|Any CPU.ActiveCfg = Debug|Any CPU
		{B8837013-D4BE-4B74-90B3-3B36467CB597}.Debug|Any CPU.Build.0 = Debug|Any CPU
		{B8837013-D4BE-4B74-90B3-3B36467CB597}.Release|Any CPU.ActiveCfg = Release|Any CPU
		{B8837013-D4BE-4B74-90B3-3B36467CB597}.Release|Any CPU.Build.0 = Release|Any CPU
		{F808E49E-72F3-4B2B-B5D1-28A12E179513}.Debug|Any CPU.ActiveCfg = Debug|Any CPU
		{F808E49E-72F3-4B2B-B5D1-28A12E179513}.Debug|Any CPU.Build.0 = Debug|Any CPU
		{F808E49E-72F3-4B2B-B5D1-28A12E179513}.Release|Any CPU.ActiveCfg = Release|Any CPU
		{F808E49E-72F3-4B2B-B5D1-28A12E179513}.Release|Any CPU.Build.0 = Release|Any CPU
		{2DBAB9B4-0908-4089-B6B5-F9F86E18AAAF}.Debug|Any CPU.ActiveCfg = Debug|Any CPU
		{2DBAB9B4-0908-4089-B6B5-F9F86E18AAAF}.Debug|Any CPU.Build.0 = Debug|Any CPU
		{2DBAB9B4-0908-4089-B6B5-F9F86E18AAAF}.Release|Any CPU.ActiveCfg = Release|Any CPU
		{2DBAB9B4-0908-4089-B6B5-F9F86E18AAAF}.Release|Any CPU.Build.0 = Release|Any CPU
		{88104620-AB4D-44D9-BDAB-B8B379295300}.Debug|Any CPU.ActiveCfg = Debug|Any CPU
		{88104620-AB4D-44D9-BDAB-B8B379295300}.Debug|Any CPU.Build.0 = Debug|Any CPU
		{88104620-AB4D-44D9-BDAB-B8B379295300}.Release|Any CPU.ActiveCfg = Release|Any CPU
		{88104620-AB4D-44D9-BDAB-B8B379295300}.Release|Any CPU.Build.0 = Release|Any CPU
	EndGlobalSection
EndGlobal
